{
	"data": "ENC[AES256_GCM,data:FVGILQSHq4C0UKWz7gQLyiRNT8vLza9MSKdK+YfLp56L2SK9GpHcB6TM1KIulIlo+3SafiSXPbhYhLy1j7eng/eIAOquTHgDRACuV+Psi4nfI7ABTrPXU/USkrE+WroHl8Ab0jdXtf4gIPTC1hy+aI1s/YsEZCiPFuBL23Av2onuiNfYT+Ek4AK9L8RZF4aWGz2Ik7FxALTdUluuOp6Hp6wAgVB4I5JZhG8p//dKL47xieRoWCpV4ZnPvr2zhh4tYRRL+ailaWq45p3k/4gQ6fQ3yi8v9LZ0qyT4xS/gcnAVKjWXLhuk3DdCPyLc32ho/s1GvDzKb7uVBOKukUH4tXq1SCyRcpBJURXJsn0Lvir41Vn+9wGyvxQDKTX8kcNiTWANXv8vQgZJ9gSmZdkb58UWN0M3djeiltbIRWiTvy3bcCXVzBkt8xjY1N9PofwCl5UP7O76s6fqhGS2ebVbKStk8laiiOicQ7aGxQ2ryk6wQj3j4EH18CcuRbAZP9zQdFJKljZhsI7IaajhueV1fX6wOzGaShWbRWJBph6N6z5BDAoCe4ePWk+NrByQ/hYp8CNzI7f3Xt7osYp/n3NlQBBGXoVBlzFWehDhVkgh2055mr6T7ED+wwTob/w5C/mpt7s2ivzlYBam2FoQKa3Lxq+fhx342LfkBbA08lYoTrKFu2tsfWnxI0o94QkHZwIlrzO2v5j6bH+//AkforManwUyGe5AnwY04MMHVcJFU4paheywfhNn1p31z541wKLOdDJ+UKdtaCE8nJ1Egxbca2PQMFw6hKdl4SRsNsfFwl/E6g+mFWDjDwtsEDXHJtNd4HB7dFZtc4dhCfBuT8f3c4RTbKhTdreb+P6u7iewejcap23X3CkgEBqF4OhMnYz5XZQX+7Z8itIsYE5myeJZsb6qx4EK3OsDSKn4BUw+V5AdA7KkomJ9Q9lhZns8tQZwgbPJOcmS60pjTGrqDN//iaNUfqQ1kfX9gLsWbPn7Yd6WFL5rrQEdVAZvD5wi8gxkvGsbEeFzdoohVJs6wsuoW5FSjne5IXLB7asGm5024afLG8O5rPov88G9p+qFrqMYLsqfw+3Ws1ZHiB80d5RZvUC2DNROUxUY+mGta9IcQVfrcwDm+j8jWRTcFJUrXzzk1sIBtVCyINQdpekE2OQBeVo9EnMtzNNB2ZWrrzemyciNcO4Ym0bXG97PzgnjJrrsWowEsWm983nMg3xK3XFxT63jYyfEE/+4s8/UCPJBx7liaKJhMC7UCWcAIYaavaH+9/11LfayuL1LYlAWtprJk1FpkGbWJUTq0qtwnSbRtRCF/36aIggdZVQQGVawc1/2u46/vuXxpAsOrH/36ccqcDf+AZRtf3lTBerEHbyIXzadQPq0tS9MuVSYwYLxLAKOTf+6EwENNSyvPnwVILfhWxCnYewHIUp3uQGvAYd865uPWtq5UlLeY3KaodARzaxexXaKPzJcXwDrap/QmGM5b+n7HJQ88qdTkl+rB4d1CfltMOrX+qbkut6ydTvF/wNhpjAq81Pnqux8V4iRjMKoIBysSKHygoMszYSOyxHlTc31JfvyAFVYgTFAIYnZn2NTfPgD8kb21f6Rm3T+Ffjy0K1NcEf2t4ERi5oPj13u0+RMiXDk6EQYWDjiLvMTqvwwBROshCNREehTO4ZGtfvb4zkcqk/oaGsFF8Gb0fvpKgdcSlxQsV6BCGgfP9ywM7KyiRNkc7nSuSPIxMFvEBjfVhDZpUeMca8frjKKz31zsw3yJYZqLE3gLzoFl5ZinUcrM0ZZtGNremcDZGV9VkPohGubyLd4FlIuhmMcOh8XXhiJAvXnUAxqcigF1ZYYFgDOcj9kSYvu5GLA22QCE3euxk0/QIHt/SxvAb4H/DULiTu5Uw8y1Mi5tQ6p/IrD5YbFUZLBB+YnknOGLQQmdLj9ziGfzvhGRHaC5IPkodJvGOqLiN8Per8J8Qm+vjnKoBZSnLFi05a/adAzPkEnL5SFyicMpDwB76b0tCrplv9xH1igkhBy09koV3Ru54aT/8H3ZnRrTVkhMZh7Om/sSGkBPUbEv2SOall3dwSB73Jl5m9FaaIUgLxaPUBofcVsYsSDy3bUabE/TZnf72fhSxRIoDkbvaibOrf5eb34yhsCidAlrYHs0hDz3Qyd5tOn3zYovtO2daH3slna14CzK8Ckbp8/rJv8rtTfCq16NzzCG0YN29yf9hBg1pYDFfWCad9hB+nzoU2vlC0OeydzqXpsxcOdFE1SGgtwBhqq0kA9VFShPtKQkd0iDzRkh0NtoOnjX+yX6k8TrNRjzOhhqaEu7aQqlpe4Bc9sZyLRXyS4e1TDMYQPS1k0libefXUOmk3FsQDwFmXDH8ni6WqDLbCKuokUtJ3w15YTE3/vwJt0C5AZ09mKnD0YI1+l0y2LnpZRKSw7JC6oaPqG1rXdUS6bAgINBT6No60+5q/DZH3SxvOOdrTBT+KvFPKumUhIATQlcwYdtzxNEwwhUbKFkVY91rc9u4FY6NqI1cq4zg70MAkMfFHWxU7HG4i2TbyjmbjoDlzhJYR6urc8AHBEadEtT5SVxnYjymB3pt/fF4qWkQNMsLtNeFb9FOXmQLYWsYck1gzFD+z/z2cr/CQTF/tkLNPh4l3XbpFRmCGEi/miRBnHQymWRP++wtN60Cptx+TH3y2g/AIuWxpXu2ZiGCRT0oiz6u6ziq9MYsbdHOyuYXYjXZMCEzwEZMrN6YUjXVDPvsNrN7X0E0WcN1lG/g7pitNL8sFCb4xEhHG+OZl2AKjmUK5C20DLphr0GcslvBFZfFxxjj0VViHlRJx8ni7i5uG4V50zlauyq6Y8WcnBR9HQjsVDCfwM+ib8dUSJr9KsdO/a6Ye7E6A/kSU5g9A6qbKeqZIVcndT0yVpeATVjrp86m/YmC/Y08BB/Ld7/h0Gx524INFulipGcfNhorUewA1sewzToi3iliaMMfGSCJNZUPW7JRRnzN002WCTXfhBc7WlHDizl4WYr/51hsqxdq/2esqClbHRt3d3ldOM8dPNd277z3Y248ZGVuUV7yMtPJkDWWuUN0Sj3jN0/V70R/jdn/x9wJqX3sWx367MxwScvcuXKELUNxKBuGsLGYQOhfx6jFJCvDQ5ueks6diBLtdjPXBfOxDFJ6rvkbtNr3z4YOfmAPvox1sUBwwgh+UaVTO3xQkszD8aL5kH2G/3A8MUEgyV1qi6wG69toEprMYNuFWeZUJeHiCxV519MC9bI5g5gFVVlfIsG2Cp+A3z5G6w4/+ieFMAZ5zFwrOGvnpV9x6PX2Z++UtAMVXxYWL+IoVXHp4Nme/p5IpBeETW4oZR3IXki4bW8/3VtXZvM938SXiKMEh/Ddx63M8SnGGHAN/EqDEJzEYwtg9xc07WjnQ9S1+c20vqHjgDyZaDgtkNMJ0RNgAbMU/hsPft834m+DBCS/6jOZ8I33/jBOOvrqs7FhFQb7IT2O2o9wuzVZx17JjVlyFawToGKY9a7nDckukxfRF1hrLh3ZADsdnVLPwgkQ5w0+pLm3PVvyadotiAVfphsaBbFWGqNKHQ1dFMaoZWEjJNNnzpBSdFSEblIALKAsz1lFnXh1Ax7yQfFGQNyi5xe0+XAU3mcXW4pG7jh9to7FsAr/KffNvqpszOieMYmaosc4kuyDCLAOWhE2Jd++62mEqrbAhcaEfnD5GjfD6hX/tMpLdqjRBi/xfR/Fz5pNSDm2u8UIl0jE6fS421XN3RFCipZbXBtuEnnTMd4uzh7HlWTUG6DjSawKNrEQrNm7uk+VepwFl3ORkDNN5CGsn891mCs6PCL2t7IpteMmaKlKrfSAHCJuoHWCwBNhfXt3R7VcrLaD6hwfmzEth7TLSeOuenaJNdDRYI54V+ghw7fvlUTLaZyXrf2MVclb7S3265Z3aIbIrtgogTa6+CD670LxSHzFuzPdWu/HBGs8VN8BFHp9qGdmhPwjcjHNnhZw+y9Du23RvTQT8MFqvcngSIl8PavqgjggsiMYxirsQT4tNdgFABqjRqt6hruORJtn8dSfY3fzj2cJhd5dKWtm6mXROPjdJ7zlCHro1PwQA64T+XyPYIYhnIgJQzA/eK2qC4tC9ekbJBYJvgqFDsZUJvMrAyJM2lQMtO4UFoMGx3PELCRKL65n14obS7YCcqj5QdbdYqmcqK67z74syptE3s1fndUJLnNgRo1qb9+HoFZBp3zbXYvC8JgLIRXU9wU8jhXFLTIby+e+I/uxmRTjvZYAr0flEyvnb4hlZgNwsjxJMz6l5Xw5k8q6RdnhZL3OJo+FTYSZlaI5ck8zW903EngFQtr3yRf1GLRXaZ107OR1yRohno/k072DmXb5neIYCGZYuzOdR3pmK9sryIbWVIEKfjUbWFWAaEYupYFMmVbCoEzNZN6iOLALwb6xwpY5fN6dJXrRRrhhtzhiQENRQmwyF5iN+f02R+vSinFYPvWTZnZF03O0oTw/Gf/dD9OJ32Pku3dxyvOwwX7ZxGZSescddue3DuiQ06R/+XOzp+gvmG0Bokka8JQ0cdpMx+YjKHq+EnXKnzA2rBUvPDun+iyIpOU8RQPGsoyAytqh1bEmuri3SaIfprxzNBU+KzEMuUGKqzcy572AYT90eIm53PCDcKBG62Ak/d1CR7DRtI1n+qwYBEmpnqOo9NxBMgnA7ocyFmMVTWUDbF4UKgfwH7EYWPX6wG2x5FPYZcdGZ3ALMpsHAJL2QL2qoPjhp5ewgbBuhtT7DdiMSG1kGURzrOimlIs4lTifHx9MgDgXYEURzZ7rmi/l4mnM4tSeTDV/mxTf9hv9LOJEM+PW5asm6IButWH5JkFWbJyKJfxjXUFUDHaTnazcmXgEuWRmCRuk+78xhwPiQlZeX8oqfxwiwt2u6d8NXiekwetnBfcxUtXjzCXhDA5+ISwBRGYfZcGrtSreceyHLYxcwgkoEot4MFXsQdvHpv/tXppg9ol9z4kYwUoo4DxwkzdofQJHOuhtOrjN6MSd8G3uw6jrWdgHT4FhEFPMoJw8F8lN/HrbY9Ovpvtgyk/g/CQH2b6+Aiq539/YrbxHziUZkudu5sms1tbh6ViJNZg56sfpw0qoELTfAnsdv6d4K1aO6Z+bOVnki6f7GC77OLZXRZMjMk/Ht0o2MsvyvU9GKvHUJ5vzdS3M8XLD8MP1tyf0oPr9c8bA7wX45qSNICEGzrmA+PrtQ3Qx3B2x5dB1LdsYjVVfm8BI+yGAn0LMUFp34251K1xP4nMpojQKQxvoDZHBJl4E+974jitwJjh6x8b/IZ2ISXCqep5sD7lwI94M08WGxCNhhrM2RoCbf7mcuQfId1dVLCfY/5NA+40wEf5VBWtNs+qzsuEcvMNOYqIPLuCVsdnFJgyC5BTEr8kvB+NbqBn0FwUC7Q10akObKCFJntykkZaQ8z7aIfWXJm3v2+fyxNHzkdgB/EmBd9RmBAayFwJdQCikr9lj5RIA23B7G3C8RHLgb/8j/Heb9AGNmIQwkaDeTkqWkSi4uX5suHHlyI/ggDM8adbOAZBeyJW8GQO7O5ogrglw3ogIBeztaFREHm9ZGMJ1S7TtmorFurQRjCGoOPuX7RrB0E07z89mckQ3MEXl5DjbMNtHYbSQRf7tgCb6AD1Qw0CO5WviaTWFcNVdpk14lwtcLOcrN2PTw/l8UFCeu1ulw6X5xGqMOZpWnWyTQY+oOz+guZUE72ZO0x47J5C5pPEauwMk4Pp26AUAi0Eke/uoZSPKw/E++tbb1uUnvnHuJm7CBS9i+0mekczuGIBINpPtE77suWBA2a9zh34/Dcbm7uYOGtWbCW2EvaDBfaxZI=,iv:5QfbM4IpKK/AlwbFpP7u0sGlKPWOmTSLe3T1dObA/JU=,tag:OeYbcNP/ts2cEQOdnPBO8g==,type:str]",
	"sops": {
		"age": [
			{
				"enc": "-----BEGIN AGE ENCRYPTED FILE-----\nYWdlLWVuY3J5cHRpb24ub3JnL3YxCi0+IHNzaC1lZDI1NTE5IFBnNUR3USBDMzNj\nYXlWUlBHV1dreUIvYlQ3QkV5Y2tMRUxBVXVpSk91RDB6ZlByQ1dZCkZJd2Z0OVIw\nbWxtTTc0eVV4dkNZRC84OHR4RytHSlNBaWZVSDRBenVpeUkKLS0tIGY1UnBDYkls\ndC9IZjBzaXJCRTBRNjdjRVFPZnZCcVFMSC9NaHdOckN6QncKpmQh9YynEv2oi0ue\ns5oqKZlENG7Hq8CUHi/WpP5V1kRzyJ0v8ZanOGnlf5IfCdhwHDWJKLAWTVeK7ICx\nQv0irw==\n-----END AGE ENCRYPTED FILE-----\n",
				"recipient": "ssh-ed25519 AAAAC3NzaC1lZDI1NTE5AAAAIG4o3vHL7V102YlbjGkjVGerufdgSm7V9xjHGuWaqZPJ"
			},
			{
				"enc": "-----BEGIN AGE ENCRYPTED FILE-----\nYWdlLWVuY3J5cHRpb24ub3JnL3YxCi0+IHNzaC1lZDI1NTE5IHZsREg2QSBrSTFS\nQnA3a3daZFp1ZTJ5UTI2ZlNBd1JacERhWmlLZjFJMGp6ZXFmMkFZCm1hU2xmREdj\ndDgxOE40V0haTU1KU1JaNU5LUWM2b3hML0N0RXdidm9ZMFUKLS0tIHNJNUxGcldY\nQjZXOW9vWlI0emRhWWVOVHkvSHNUVlI3c2FZQk5GQjAxYTgKXwUKM37LSwSWhB/K\naSGF3jc0Wh0e28KgVMZqv05LIpxwLxRv69keM7ArBFA1Z8IvGvT3B9tKoz/WeI/z\n3VkQgA==\n-----END AGE ENCRYPTED FILE-----\n",
				"recipient": "ssh-ed25519 AAAAC3NzaC1lZDI1NTE5AAAAIAvA0G+Kb1y72dceASbVdS1tU58PYdaYsi2LBHovMkQX"
			},
			{
				"enc": "-----BEGIN AGE ENCRYPTED FILE-----\nYWdlLWVuY3J5cHRpb24ub3JnL3YxCi0+IHNzaC1lZDI1NTE5IHF6RGwxUSBjOC9x\nSUlycjBLNEVYYVUweDVxaGlDY3ZwOVdBSjVMQUJ4TlgrRFVoc0R3Ckx6dkkzbFJR\nZVovZVZoVGJLcUh4eEhTVFh4cjdiRzRzQXBGTXlRV1NUakEKLS0tIEVrem00ZGty\nVE53V3o2WlRpK3RMQ1dBTFIzNW54amVYVTV6ZDlNeHhFK1UKzF9dHCT7A+F6aCFs\nCzOc6PQzVkb2AGU9nVyX6qiqg7CwdTKJ1+07OWan+91hFlyfRh9PfFAU6gMR6zrV\nvy7gWA==\n-----END AGE ENCRYPTED FILE-----\n",
				"recipient": "ssh-ed25519 AAAAC3NzaC1lZDI1NTE5AAAAIL79c0ABaglvUVYgF2MAabMvcaFPR0CnayNGiI4J4dDL"
			},
			{
				"enc": "-----BEGIN AGE ENCRYPTED FILE-----\nYWdlLWVuY3J5cHRpb24ub3JnL3YxCi0+IHNzaC1lZDI1NTE5IGc1OWJUQSA0b2Jy\nSlp4ZE1pb0poYVJGZU1GMXAzWkpmSjZDYmkyZjRLQjFnYklhOG1JCmN3QkkyMG9H\ndTdoQnBYUFR2aUsxRXZuYXA0dUsxb3NTdHlwd1V1cGRwK3cKLS0tIHQvSytKV01t\nSVB3M2hjbFBKRG9lenhWV3UzY0kwcVRVaVNPZm1YNlBVMXMK20D0sUWaoPSCTUH1\nxijSNCMXigxYUUXrGWJ6+0YPGsWxZ0TgXevICFu4sBXqEvnOfCK2M/P6YURsiHaJ\nSckSaQ==\n-----END AGE ENCRYPTED FILE-----\n",
				"recipient": "ssh-ed25519 AAAAC3NzaC1lZDI1NTE5AAAAIDgVBcMfDRmqpxzMaWuAlATJxaUgb3IzPgAEblU5dK4D"
			},
			{
				"enc": "-----BEGIN AGE ENCRYPTED FILE-----\nYWdlLWVuY3J5cHRpb24ub3JnL3YxCi0+IHNzaC1lZDI1NTE5IHFpdFhTZyBQQXJW\nWUNWRnNjVG5BajBObVdwZkl5N3p3T0RyeURLSEZySTNSeWNTSGdBCjVRSVBMWTNR\nNC9STVF3Tk1xMTE0QVNqL05rYXB5bHRuZjJKY1o2RVcrY2sKLS0tIGk5Y3N3dEZI\nTkkxQitKbjZGWWNFQW01UVFsOUlwUjBhT1F5eVByM3cyK0kKXyHfX2DgaymFoXBT\nahaz0j4OhIhU84tXPrHW0VksnoHITQmzP7O+CJjjknfs1roCmwvSJn178CI3IyTr\niR8GaQ==\n-----END AGE ENCRYPTED FILE-----\n",
				"recipient": "ssh-ed25519 AAAAC3NzaC1lZDI1NTE5AAAAIMjqE84uWxrdkSJtCtBRXnSN1kFe7gRwOLhDPZUJZBM9"
			},
			{
				"enc": "-----BEGIN AGE ENCRYPTED FILE-----\nYWdlLWVuY3J5cHRpb24ub3JnL3YxCi0+IHNzaC1lZDI1NTE5IGw3VWlYQSBQamtx\nZ2dqOUgvYU5lOTcvUVlEZThGWW9VMHRtb1BPaXNNdmEwQkxpQkJRCjdzeTNvTFFI\na2JpSURHN3RqaUt0Z3NLVVNGeUNTRkFHR2YraDdFcVpPUkkKLS0tIGsxM040TXhN\nckZ1NUswVjFGVVFpNDdUYU82a01ZcWlEOUdQdmNEN0doYmcKuMA+kgKw7jEyS9ox\nNLQOWYJJzE/jo6YVWOsi5CiyGc0hTzjaPOy2VLgvO4EAW8OGzp5z4xaJ2dDeHAsP\nlFs8ig==\n-----END AGE ENCRYPTED FILE-----\n",
				"recipient": "ssh-ed25519 AAAAC3NzaC1lZDI1NTE5AAAAID8RlfXSlj42csvPTnFfQOHHK7894yyneyaRto8crrb+"
			},
			{
				"enc": "-----BEGIN AGE ENCRYPTED FILE-----\nYWdlLWVuY3J5cHRpb24ub3JnL3YxCi0+IHNzaC1lZDI1NTE5IDNPYUNWQSBIUUU2\nalRFK0ZVaUlqUGQ3aXVmY3hCdVJ0Z1FUbTFGQUF1a0RyU1FBbm1vClMrZGhZUGNz\nWnhvRkR6ZW9ZcDFRYnBnVUtteVBPVXFDMEVLTk9XTU5Fb2MKLS0tIFZwdzZpcFE2\nZkVYWUR1c05pbXQ3Z0MwWlk1OEFWN0lCN0F4cS9LaEhMeUEKDRX8iOKtmSfBFyQC\nvsmskMMjVeK5H6qTziRWa2UMbLkVhFGHHTZ6FWiUm48VS+lvav3gxqivfkxvlyIo\nE0hH6Q==\n-----END AGE ENCRYPTED FILE-----\n",
				"recipient": "ssh-ed25519 AAAAC3NzaC1lZDI1NTE5AAAAIJLQyH6488PfF9QzyV+OB+Qh26Pgy552/aKtsWD6fZu7"
			},
			{
				"enc": "-----BEGIN AGE ENCRYPTED FILE-----\nYWdlLWVuY3J5cHRpb24ub3JnL3YxCi0+IHNzaC1lZDI1NTE5IEt1VGpNUSBQWGJQ\nK2dwOGlNWFZ1OHdtM0RmL0V1dTkxbU9MaVFmcmNKRElpcUdVaURvCmVGOGJWZ0lt\nNHBMUkpPYklKMVhpK1RwVjR5VmRhcENHbVJjbXg3R2Q3RVEKLS0tIEZMdUh3Mi9p\ncjhCUTM5NW1acThYQ1JxQkxEbXZsKzMrQW44L3FWZmN2M1EKzf5XMjdyctaJROeH\nYoniuXjyJync6Fnc1N2VG9MIM+LXRsjRq34Q50yt9gwdohyf6GDFpsD625Va8MOF\n3fuaYg==\n-----END AGE ENCRYPTED FILE-----\n",
				"recipient": "ssh-ed25519 AAAAC3NzaC1lZDI1NTE5AAAAIEFUXjq+3oXIFC6WhwqlW8XcPhLGWxVzShqhSs3SzuHI"
			},
			{
				"enc": "-----BEGIN AGE ENCRYPTED FILE-----\nYWdlLWVuY3J5cHRpb24ub3JnL3YxCi0+IHNzaC1lZDI1NTE5IEg3ZUZ4QSBkNFZh\nQ1lNaXdGaEJCSjZ2Wi9Md2J2V05kOUdWNWYyOTBRNGg4eUdnNzFNCll1YWtGVS9x\nMkRpeG9vWlVKQVVzY21xWGw3YkRreUFVOVpvMnJydm1YT1EKLS0tIEZIeExCTHJO\nekNTZlYyelQ1RTFOYTdkSkIwTHdDMkQ2ZnlKS1BsUTBBdWcKGZrmpccicKwz0iCj\nkuj7GPrTjNywVPtivhCeXz6htI2lWebYoKkRvMYw+ETg1dY63d8021BaPdfxpMop\n7APb1A==\n-----END AGE ENCRYPTED FILE-----\n",
				"recipient": "ssh-ed25519 AAAAC3NzaC1lZDI1NTE5AAAAIETQ46yzkqHYQoUKHsXGOX6DI6ADgXn1+mJFvtBfxXFa"
			},
			{
				"enc": "-----BEGIN AGE ENCRYPTED FILE-----\nYWdlLWVuY3J5cHRpb24ub3JnL3YxCi0+IHNzaC1lZDI1NTE5IDg1WGNadyAxZ2V0\ndUgxQUU5Wm1xVVNINlBML2s2dGhic3dHQUd6bVN5b3B0Q1lBa0dvCkxvQUU4d3Za\nU2xObzBUQzU4d1RQU1RDZTljQWRMUUl1dXAxOTVJNWN3VmsKLS0tIFR5aDdmYmdk\nZnlmeDFqNzN1SnVROG5FT0J2emhTbWdtL0ZMUWdHVEFVNGcKsOez7J0Lvz0ViGbw\nq1oohJmhGRBUyCRc9CnckeBxBLCwthzKIczKL2tqwIJDRhHl4ufkxLQqnFdTYV7X\n/IlSWg==\n-----END AGE ENCRYPTED FILE-----\n",
				"recipient": "ssh-ed25519 AAAAC3NzaC1lZDI1NTE5AAAAILifCzfxfLcXykfDfOfeJsmYBbND6Ra3DJpJUeTNorF2"
			},
			{
				"enc": "-----BEGIN AGE ENCRYPTED FILE-----\nYWdlLWVuY3J5cHRpb24ub3JnL3YxCi0+IHNzaC1lZDI1NTE5IHRlOXUzUSBYZnJL\ncHR5bG1QU1czZmN2Q09wYkkxc1JvMHAxWmw1UzVrdEhPMUREMVNZClRLWU1wdU5D\nM2Rjd1M3NHBjQUowWmZnbldnYkxjelhIYmRLdkZvZ1VIZjAKLS0tIHd2VGJtV1VG\nSTVjT0ZCdEUwNEpqQW43cXkrSmFDWC80V2Y1eTNGeG1vQkkKW30ltG5ekg5JcUXL\naout85d+E3hOl9crfbXV7eghluCFGixeXAiAMI4oIkGejDOfgm1LC91q8FfOK8Re\n6HQbeA==\n-----END AGE ENCRYPTED FILE-----\n",
				"recipient": "ssh-ed25519 AAAAC3NzaC1lZDI1NTE5AAAAIK2OfyiJtVg/5fn6njdF+jgIS4UaP/o4N0PJXvOFvxh+"
			},
			{
				"enc": "-----BEGIN AGE ENCRYPTED FILE-----\nYWdlLWVuY3J5cHRpb24ub3JnL3YxCi0+IHNzaC1lZDI1NTE5IDE3K3VWUSA3L0VI\nQmgxb0FZODBhdTdDSDVrWWNCcVo0bkp6M2gzR0hjWnF6V24vOUJBCjZlbHRuOVkz\nWFVNamYrZW84dHN2Rk9qSjBzR2l0bzlHbU5oTXdUNXZ3RGcKLS0tIHRpRzEwSUlk\naXlESU1DQjc3TmErdkpiNUlOTjZUSlZ5cWRWZWFhaitHWjgKH0ghIlRF6JKdYJG5\n7Yj5XsxROPQ4elI9+8r+r38oTVDiWroeBZ0IDJ5iuFxJFkVNhle9UYa9F3na93xZ\nTHiDPw==\n-----END AGE ENCRYPTED FILE-----\n",
				"recipient": "ssh-ed25519 AAAAC3NzaC1lZDI1NTE5AAAAIE+bl01iRKRVYvOtFYSQWqKtqo2N2TG9H5+nGSxJSxE0"
			},
			{
				"enc": "-----BEGIN AGE ENCRYPTED FILE-----\nYWdlLWVuY3J5cHRpb24ub3JnL3YxCi0+IHNzaC1lZDI1NTE5IFhaRzBpUSBMNDVO\nRXhYUTV1UGtWekMxYWJySC9xbUhvYnJ3Q3pSci9HMG5nQkg5NEdvCjhHTWVYUDRP\nVWZVZ0RXNWd5Y2RsOXd3TFdtb0hZNkpPa1FPb0htS1FHR1kKLS0tIDJ1eXdwZmVH\neGJDaTBRR0hadWlLOFNIV1pnY0N6Y3RaMjZvOHJMZVpCQjgKPhpwt+PjH4X3A+LD\nO4ttPwgyl/jhWe5hw0ryayeGu1IL9vP9QmpsuGyBcZy2RP7BNo7eTSjfcn3D8DLq\ncRvqfA==\n-----END AGE ENCRYPTED FILE-----\n",
				"recipient": "ssh-ed25519 AAAAC3NzaC1lZDI1NTE5AAAAIJQpQsoOwzcytS+AjXSB7bZbHjI90oX2uf80xNDBjXaL"
			},
			{
				"enc": "-----BEGIN AGE ENCRYPTED FILE-----\nYWdlLWVuY3J5cHRpb24ub3JnL3YxCi0+IHNzaC1lZDI1NTE5IFZiV1kyUSBxcGlr\nWVNrZHBTNUt5b2hVMHJ5USt5QWsvU0M0c0EvVHA2OVhyWmdCdHhFCnFhY1o4MnF3\nQkRmMmVZcUxra2huMXBJNmNiNCtnOFdUQXNBa1hTNUttMFEKLS0tIFB0eCs3OSsv\nWFBONC9MVXZlOVJwa2U2WGREeE9RVmVXaE1SWjZONkNpdFkK/wwfnkQGJdVrlJv8\nAi89QuX6g+LYfqzplbwu+vB/XO7LPpwK8/IrGxUQ+Fc6WzTeHVyoYQ8k82/AuEzX\nhJILkw==\n-----END AGE ENCRYPTED FILE-----\n",
				"recipient": "ssh-ed25519 AAAAC3NzaC1lZDI1NTE5AAAAIC/+Ziaqy11tLwos1sVvaBo+kKI14Y/zRtMTUK85rSL8"
			},
			{
				"enc": "-----BEGIN AGE ENCRYPTED FILE-----\nYWdlLWVuY3J5cHRpb24ub3JnL3YxCi0+IHNzaC1lZDI1NTE5IGNYblpxUSBreldS\nTEladGVVVjVGZExQRUFneXdvRitzcTFVcGs4alpuTUFCdzh0bUZZClJHalFyUzlG\nbUcvY3hBTDFNTkR6ck9NNWdKU294VU1RZHlmSkxCdm4weDgKLS0tIEk5VndBeWg4\nVWdWZmdEU21XR0psUWQ0WVFMaFE4a0dzeGhZbWdHeFV1MU0KK06G3kwm6fTFwUaS\nDPtbvpM6auPhKTSuCaReILf8iyOkyE/U3GTS9bb8BwI/loEq7sJn301+U2f6r6Iv\nj251VA==\n-----END AGE ENCRYPTED FILE-----\n",
				"recipient": "ssh-ed25519 AAAAC3NzaC1lZDI1NTE5AAAAINUhwKeMY/N/+vFiMr/jjz1GWUZ14XgTfctDphaUIJh5"
			},
			{
				"enc": "-----BEGIN AGE ENCRYPTED FILE-----\nYWdlLWVuY3J5cHRpb24ub3JnL3YxCi0+IHNzaC1lZDI1NTE5IGV2UWh0QSAveXpr\nZTJyZy85UHpqVENzYjB4ZWJHMkVLSkZSZ0U0Qndubm4rVktIYUgwCkRwNHlDMHhH\nM0V2RTNoN09HenNmZVNYOE9ZbGFuYzBNWWpiSWE0WFkzTTQKLS0tIG1rSmdOTVdj\nblpsd1JkKzJLWFVsVENKcDdJRmN3Q2FBdjZxQUswQitvSzAKnzegdiICmmZ3YsnI\nd3MKC3aabljTmotFf1AkO2AnHeqlK+nqXWfnBLSd7IhOQMKxyebGOHgPkPQn/mkq\nSrkbIw==\n-----END AGE ENCRYPTED FILE-----\n",
				"recipient": "ssh-ed25519 AAAAC3NzaC1lZDI1NTE5AAAAIJe3wmGlGSjzUhnmCGKKrHStmXGyZKQwCGROEfPBdTIP"
			},
			{
				"enc": "-----BEGIN AGE ENCRYPTED FILE-----\nYWdlLWVuY3J5cHRpb24ub3JnL3YxCi0+IHNzaC1lZDI1NTE5IFo2SHh0dyBKQnlW\nWmcrRXJuamk4eFY0bGZCRERwWk1CenUvUlBnVW9NSmdjZWp4Vm5RCmI4Zy9pWHAr\nTHhQaEFvcFVXcFgzQjFtZzYzQzdydVVPVTkxVFcxemlQUmsKLS0tIG5vZW50QWhh\nVTdDNjBGK09iYUpUWXRTTmcvSHRkS1hyaGNrSTBQa2RSL2cKwKgCPPoCgbU/cgnp\n6RW0RMjtSNIRdv2CTFZPPvOgsEzt36fWQbBnMyQqmnmNh1wzXO8Fep3tXXHm82lL\n+fTKIw==\n-----END AGE ENCRYPTED FILE-----\n",
				"recipient": "ssh-ed25519 AAAAC3NzaC1lZDI1NTE5AAAAILGayLhDYjABZUNZKUfOMZeo4zka57Sl12wUHdt0zr7p"
			}
		],
		"lastmodified": "2026-07-24T20:45:21Z",
		"mac": "ENC[AES256_GCM,data:HF4q2IedI3UyvzNW5v/DbxUm9HY56HpFvWEktHReSyNEbgykOtfIOadSHmlZwGHwbGOVXlALikx1L0nhpv0xb/dsbkOlc6yNyzwg1Pnu/8U60YEnZzZdc1EFduLPvDh1n56rn4XGtcVzJj8FHTmiXLF/IK/DRX3QAl7cEJiMdUg=,iv:EiQ7UOdati7MuNtIVv7mL25KhAHWM1eJsiFmq+1xPh4=,tag:5PUYJtteuIbscml/1xIXSw==,type:str]",
		"version": "3.13.1"
	}
}
