{
	"data": "ENC[AES256_GCM,data:fI3l8JfhrN4VSiLDSyq3cxGUss0hMjDLZRGvDPAVj2MrG3IxGf96ZJ5cqVsfiKVOPpyJrSMVkq2DjG/ScQeYelfOLClrXakPT8Mtcd8P6xV96tyHpCPkM8y8SRKp+t2ctgHrCqfIqUZClzYkhcOdwuWm7YXcfIGxunxVQxHob0f/VjIJyUUgy3Q6/PcKn2rLaEUO8Z/2W6Zz/5wL+gj4gpXO+jyuSh0Q8qB1npwt7ZHeK5nbX94l9VKgrxJqpp2p571o+jKw1TykMF2EeLYuuwdUEmqfi7MWBTYoQ7pDLL/3xVccMwy7BJWVRUpF08ca36pxEKovU8PLlU8musBv3rU4Fn0DxrS01NoNOxRP53iIsUoiNIuAWjcHVdOlYf0BdlFPJRpRJdimpgxzU0VGYpa8yFINpZabBVBgI2oPV8ti5oF/m4iVg/qSA6wL0SYvnLNu6oDuiewToH7CIRWvJce6sKxuHMtkpwsW69XS38dw5Ebs2SoUULNBRIOVipnKGewbcZsvMQvzqC0Tfw+rA3VubKl+4i/ReE//fjQjf4Dx0JJeIRms3T/xyqqtXEcVPtXE0Z26P1EVWcpLRYJ6c7UNWff/L+GEsclSm+FwRYIFUtnx6z7+xopusximGCQaPNR9DFIBG2UZBnZ8XgOzhLCsxxDFs1ePbKDBysv1K/oYvGNJUZxMond1PEyw9xg7ePYXAligjZuOs6sSa9PXqQ3Ux0mPR4XfJvBmxGCz/DZQKyg4x/UkEjq9noSx9jnpQbNy2FOfMdhChm4Mj9uaZ2xuMHLEwfcxo9bWwFYvKNUyHLve0OfLkGmbxhQYD/vcg1583/qXxEoFS6+0UokLZwNhLj8cBncncpyOZxo7L6GOPW8gyIZ4Pnbc0zR5C3sE0qN3/LyAK2GQvgjfpDuPrcX9Fx711cwxIkAxwjl+GEdVYd8lDz3GMBKg9HRI6No9/UB23wvmt9wMlSYzq2iAmhfQRVMloVVKHyf7x/z+L5rBxxjr9omdMPiXeQVvqU0SvRHGwvdrY+jkJEP2V/M1/78TEy1eUr7qFdtOCCHcnJubVCHPAUwnLc2VhVKcGsC7/HWwh4jNdo/osaaY2dD5YXM1pjrF3Swdapc8UZPFQvr3TLVqXj0PueHoNnC9mvme0BsxXtqUM5j6NCp4Ol2PzTzLiCGVRzJOHHy21lzsyqZ8G43SIPC5zkxKlCCz9i9j5fR4VN0sz30DsKTbE5jHCxOfvxisQ4qdlL+ooOhUOXcvqJh3cxfQMT63yWbpTE7PFruW/opaoWnUfl+ODtI9NR/nIyLRGuYDvPYgBpShE13ZxSLv8tXStYGfsNUpzrVwzGPkl/asGq8cCretJDrf4GEWIvlPgAuzSeh7uwy4Pvg25P/0NvyTM5elQ33b6r6zErg1if+QBcsMvdQ/fDeoD7mooIPQxT9/cNXAcFx1qV6mhbcNjmeeKO17hjeO93lKmQXE6CCbo9DTSTpgYgclK2gW2wvalzv6KOUZJekHrX/2lJSDSW/mbLtNZUGQw9ZN/70h7A1O0Ccvjzz2UfKlxfhnSOHLTJS2wzcunKGzHNzBzWZ2j1RlgipYSNT8PnhrH+jwk9Jcgv8tz76uJlT9y4HhhPJg5W2+sWQWapEQjG+M+zn/GCELEIkdlrfZ58Jy9oxr2kWhpfG48b+8aLAv47nIZw+W3zydRJLC13MB9ocHyHP4y9AfnoS9DsGHNXVyg3RvTJ99ASseHJsCJiS+Riqf549vOr5IUdV+aRcSll4rTUOL+DyTg52stmkELUPRvOu9h124j/6Jmd9a2k8sAXFg6pb/0ENyAOB+n0CGVfSzzkRK+8Q5v2HR+VWWl19Ta1+y0zhQW1aGMA+VujJHFhK3WNwOG3E4jqynk0fL5ntI9uFRcKqNLuXfRFLUCRpLE9JwTLMDp2o6zCGytbtApG16PXwZeBC7fGMLBDzqaeZiaWP4Xt+MteMLRF9ni9Ac01UVWm6TD88vDcY3jguCl+Q+tL3UmsOdkF1m2H+WptMZ4tDDhjMsS9vKLOU1562ksk56IM2VP0CknjSUR7jwi9Jd3fIfNH5wJJY5F2kf0ld1laRQDwyMO2g3oCUJuEnaAUlbtJID27T4aOczJQukpBsM2iMOJfTmmHKioJtcMwcpE8i8L1P0kdiylSZJLL6YB/DX+rz5pvpgKDGtaXUsRHl5Qg4/919YrdO+R+SvORgF/upQrCMFdyQG0mnIhtWAHSk3xdgiXUrO1bxDC/DVZcbfW1nYXLjnbDZOGUnUIf8nbcEhEf7Yxm5QfzLbgcrl6jOQYl/ru4PFync478qubBmnwKk/JntrHBubBO21gdAX+ay4jV/+n9XKhL+iSTKKQk261c1h9cWHrNztYvC9FtFI8HGknkx0QAlYk3tiLfXAzxYoBIc6YlK5RDoS79799tBnJg13IauF1nhBYqc+3WXWM+32TKCtVy52aJUttakfvCKsCW3CKSIlXK9edL5+jfuqT4L4ZYXtyjDUQq/YnD2Vr55cBw1cZ8oup3ui9sVgSKqH3aZgR3Je4PVKdqSddpOlAkmB4HBkg+h/KeFhuN3K0Dl9eney9u5j3Hvpo7HFJ6uWtgZz663akrM3UBzUrsRGmnF1CLuu5bDxhUjexMc3cnAuNekuL+l91cuQq9nBPQxEG0nMufvlxy8yk00aifGfjNXzESvME8N647ltywAxGLbzGLk4YzUIAcfDMXXGIhZEfbN/elEuW8PvjdOWlmj26jbd/NltD4zhWIT4QMvDOCF39A5hEovUX2xTQ1OPUx+36nN2icvo5JDlgUKQ3bhYv90nagcgVN7bMFUKUKFA82ivWv76Guta+r24RyejnThV4GsAz1lZ4C0VPmZfl+jxwq1cFSOnc6fvFaZg2xasCbwYNTd1thrOgj/0sK2PEFsCSSlzyRW+dmmFs4JGLGq1hVOVHejIss9Cw/GBQllpWZS094jeZIxXaCEuqqaVt3/3bCnmt0OF6JnaFQkAHJ5txNQa3Uw383lWPi6Zh21UEx8K7nlsG2d0i7MozVWN8R9BJoxJBrR2juN6l2E7L2apE0cTb8x3jKwIc1xRm1/FEiCGptd2RhDPk0hLVwnz65ZXpQEGoVIXDXNjSVZ5y9wEKP83JuFZ4U6fff08mIznF4hqT+l3tMJHGCM4uPYPI980QIGU1P13yPAIZh5C4+k0479fgNOsQ7BcYmLDfgbgrkGaPZzZevRB8rFsWCFCINhsapNfFqS9C+hQrIz2Uq+BDDC40dX+C74av4HIFZEq0ZI9+VT056N9aEjXEoFOdloraPmS0wjwWgqte2aqL4QSKckc6GqoK4Ae1g9PtbefbBqNFWlE1itoRvuiIqyXpbY37ubSfcj8faOs7oYBip8aXgwmNeMAOy5Em1MTBp8z135bUJnA7965cDCTgiUJS+3hK39CFfMClCl38LzCadjyH3vVRC/myMvr8b9MIrNLzsz+a+C7GK0y/H07o9bgSSziAe/Oum37i2jocnG0CFf2CqXkv4i92genuB5KyYETOc3dISdA3bNXc8hbdN5JZw+7lLcVWR7VHcvLknfmsOcOxvE1Hyq6Lq9hlKf+LWs3FOGNTiBhV9qj76rExOq1yOrt+a5+wBuvMRcbusx31az28+44qyb46dmbrQVpp1PtVq9/fGVJbMnifVcp/QZXEajmQ6S3wNqyOrAoIi0d1fGhLKheCsn3CngOC6q3siUAgAAwDqBnYYCb1NkMzzmnm+LT95NqgGUdVkocGXovYP3ZOAVWJaJN5v5dsgOwc9oVXG63e3QE1bfRzWLvN0tDORMJcR4nUBi3FdFpMFimCvW7yAiu8SGGTssq+ZEcve0lYAHMRNtSIW3oUYUooOeOJirIMbYzb7uCuOLXHq1nqwsx9Y6bXTj3nQ9G5/HBE16ku/zOI1mtgVcBISIzriJ5ZSV14Tc435fOHEv4u6CcAQIquHsiWtXo79QDG0d00dx0e7Y1ja8cuV1vc2wMevSH+O16CEFfTtXa/T+jqi/H51k1/ZtR0tvbYOBPSdm/TxavY52qkDq2H2hl7wAG9lKIHijQIabS7mrLRBVBjubP/mrw/C4Ojn3K0Kpt5iWGpjw5LQjKumZ4AAJerjnAx7LuIEqyjYt0U5Fsok5RPI+r8HmZBWdRVM+LNevbaRxGLOEQn16Pmhug8wA9FWi+c2dEr6K2/6xAbWmOqXGuaK2mWudZ3nD8lWKEjh+rdTpagUfbgGOPdEuYdpmcpOfG4uWg/pzZlXZ54uGq3h84IKYEHm4meQx/ENi7YJYRcVlNxvNQ5FTYvecq9EN5DE4Q2oskTzzzz/SpL27EaOE702Z/+MeZ3I78cGreh/4qbjSSS50ddeCCJSYkP0wnaPIMnYOFzFNyAPnZVvNHkck3yWbco3ISEmzfzVRQTPb10y+BEV0Ky1MwE7CZ32ZECjyrLkMGEb0ozQt30DFVvPuu4I3zp7rRl81DGAXLaEYN+dmfW+E83trwgtn4MT3LNV1vwggSKc9BbdUJlmpyjvj404Qln3mdCX3mCO2HNsIZqLG+7dePt06EEvIPPLGdbPEDxookR+BBSSH8bDANMr0/fvjdQLZbPTSOVY5gwg0lEFI2S3dhpGZZAYdrPCTyXPdFVgbYhLJ72HNFZhLZ/mZbGUiG2sKz906QARP9g46bBo8tw9FQyk0As3rqDc7FqWAcsQrzIpcsyT1rpKv1QRhvUrovA4QYYpbE4PX0SIkORreMqEBMOFpfs4nkwS9RAhkI+DEhlL49O2VkrNxzOKZWmZlHdtbD8n/nSt0FVhiob2ADuh52XC3nhQQZdXdjgdF4hLNvCh5pBbAjzUB9MYU3KhJcuE/VTxbG5yFia/BOychog6gvx6Fa2Nm2UYekhoWUDl6mDfCTHUgjvyudvgQ23UMX0q9l+pYGUlpDCUlSfWUZ80lQlNAX6nhkSJRu0grR/ka6xP55LDV93zOMHJraLGgGfZsmSpzTuJWBK7QZgmNg2afDZvh57cCglpDHjh6PDIrQ49T0T2Ow2VF4S/DcizV5hFjSCtlvOsB+yLZogWzrGZ+BabPDVmmnImnMVEmDoivvob52CXycS4dS+4iNm7Ylw0k/LiDfH5M3vwqE/W2MTD6aFy5sN+QNDlT9BW3BopVeDIqg9JT6ZrUKdJAFkLxFkavsDtw6vehN1qCXAVDRVSi20BFliC59wbB12TWRW6fd6YiQRy0EynPAGAMKUEfltYETkcuxIA/91YGbvao/RrTRP4ebxufmST2DeKQVfVfKKlG4ZvcNCNLwsf+PGsyMOVRxgxOIFnipAn7kpO3siXadCvb/E26USh+7GuSGu/R3zRTIAnBpv8b6mZEghc5BeqEeLhLoNictDvlgiEtfjTiQoTYU4fWem/K4251Hx5QkM+ykN8NCi4vxduhXWAQNUdUg4D4xgPXVlTOwIh4NL2zr7KQkyN2UPBGY3gj7TIilHgcvn0eyZBCYVmTIqY4akbkCWbnQa9ZufIsPR658TwF8Ro4V3s5+rMlfKn3bHPsE7xbe8mkquzZs6xfldXQUgkbsb/yg94DsTXm2p61/8O2pHA9SbEL9H751xYYfcDs89QWLRACXYXg4ALFQRq9aSlXiMJtEVRMbIbMWcoHKgWKi196cLeAFcwdWqv1hLoN32Krip42YvMA7OsgD6fy1KE4RT0eDaxQRukljPQuQ3+PYDq1f2lH/VONJQmqurQkzB/3HlmZr4BODD0N3js+F2VlgDSoZfw1Z+jhuYDUilOXRE2k+/O6mRDYz0z4hyTI2F8cdjF/qV67eMpnm4p2dcpu0KFU3kY7hJ5YnIEfkYe7TOwy/Fjo=,iv:D5PWbSXxKF5T1mJ8RnswzD6lopE0tjWQEsTCXlGGP7A=,tag:cEXsH0iWSYma66t4xYjsJw==,type:str]",
	"sops": {
		"age": [
			{
				"enc": "-----BEGIN AGE ENCRYPTED FILE-----\nYWdlLWVuY3J5cHRpb24ub3JnL3YxCi0+IHNzaC1lZDI1NTE5IEMrcVNzZyBXOVhU\nVEQvUGdjOEE1TmUrTzBabTNLV2xsdnpYSWZiaTdmclI2VWk4Qm5rCkIvZklvMDcx\nRjRndGhCZDcrcDU3eFQ4M2d2dnBheCsyd0RGbVV2cXdXVTQKLS0tIGxPSm9ncHUx\nYmk2N1J5M3pLSVdIeUV1ZnpEemFPU2NNQjVVbHBER2ZlZFUKARWKtETmpJi7chwr\nMMFuB5kqXCUWuBIfG6P1q6DShyW+bMWcn/dZeQGMIBfD2HT5o5nsNbKVirRcbGoC\nSqLM1g==\n-----END AGE ENCRYPTED FILE-----\n",
				"recipient": "ssh-ed25519 AAAAC3NzaC1lZDI1NTE5AAAAIESvGuL264sdGqVwDkWPw/nkSI/cQKCnqCOhzEigF6xV"
			},
			{
				"enc": "-----BEGIN AGE ENCRYPTED FILE-----\nYWdlLWVuY3J5cHRpb24ub3JnL3YxCi0+IHNzaC1lZDI1NTE5IDNPYUNWQSBSM0pO\ncGtnd3JFV01JY3ZQSVovRzlMNElTekV3Sk5rQ2N3SWM3clE5UFRVCnhKalc4YTds\ndlZlZTZQa0M2NkpnZS81SG8vZ3BNbFltSzRIZ0JtNFBnN1EKLS0tIHpuTmgwcGpa\nRE8xN2VuSkhSUnhwQWJjdC9WTlZYYWNiQ1puQk00TlFjc2cKBYMkt+NNEJcPdrqp\np/8iufi67SQCy1rZ2fzHVA+tQjJ+LwiimAMH2oX0RhcrdDu29Ol7qzIOnUE87dMF\nRB4zoA==\n-----END AGE ENCRYPTED FILE-----\n",
				"recipient": "ssh-ed25519 AAAAC3NzaC1lZDI1NTE5AAAAIJLQyH6488PfF9QzyV+OB+Qh26Pgy552/aKtsWD6fZu7"
			},
			{
				"enc": "-----BEGIN AGE ENCRYPTED FILE-----\nYWdlLWVuY3J5cHRpb24ub3JnL3YxCi0+IHNzaC1lZDI1NTE5IEt1VGpNUSA2VGZW\ndk92M0NmN3o0cHVNaU5adE5Oa0J5T0hnKzFiOEdTOHYvek9OdUdRCmVVUk5Cd09K\nVkxLdWwybURxRFltWkkxMnduQ1NzRWxRczVGdlRBMXVydXcKLS0tIE5FRUY3UmxU\nMEZzZmJGU0p3RnJkKzRGcGkzM2MyUjBZSE9kY0FQNmZvT0UKUJENrjYO4GNJD8Aj\n66xZqlm2EWWgCEZhh/0A5lX43q0dhUwdejKD8zgVGfzu9I2fTRLVaGZfDN9MvxCI\nNOMytg==\n-----END AGE ENCRYPTED FILE-----\n",
				"recipient": "ssh-ed25519 AAAAC3NzaC1lZDI1NTE5AAAAIEFUXjq+3oXIFC6WhwqlW8XcPhLGWxVzShqhSs3SzuHI"
			},
			{
				"enc": "-----BEGIN AGE ENCRYPTED FILE-----\nYWdlLWVuY3J5cHRpb24ub3JnL3YxCi0+IHNzaC1lZDI1NTE5IEg3ZUZ4QSBqUmUr\nSTJhRmIvK1R5TTlwWXpCYkw5OTRrQThUcXZuQnE4RjBJb3oralYwCnRIOFBWMEYv\nUWp0ZDMvSUp4WW9GUDhZN0lTdmRWci9aejB0QUNJQnQ5K0EKLS0tIEZHZXBTdUYy\naE1wQWVyTndUYkVtL0hZNjJLUFdlbmlZeG13amFkbW5QSDgKXFjRwiVWtCIvsN5I\nzbwR2eKGmdWmxtdRBV//2vMtuWw75jXtfzoitO9Yq8+cG6e04SZzD/riUyX0rkUj\njFGS2w==\n-----END AGE ENCRYPTED FILE-----\n",
				"recipient": "ssh-ed25519 AAAAC3NzaC1lZDI1NTE5AAAAIETQ46yzkqHYQoUKHsXGOX6DI6ADgXn1+mJFvtBfxXFa"
			},
			{
				"enc": "-----BEGIN AGE ENCRYPTED FILE-----\nYWdlLWVuY3J5cHRpb24ub3JnL3YxCi0+IHNzaC1lZDI1NTE5IDg1WGNadyBTdVpC\nQnFweFpubm1icFdLekRBVHNQcXhzQzBNTDhJL05PMFNUTWE3ajNRClBvT2g0enNC\najJyUlc2V3VEZ3dBcEFEZCs1Yy85RVROMVNSMWlXVXk3TncKLS0tIGNmVlhMUlF2\ncjVySG9adWw1SGN5VW5hUlk4VG4vU1did1VrTlFlOXl6WEUKpxz7vbb6Q7gHR4Zl\nGMCYwESlZVuG69FGKVOC5QmpH+3/Ee9BR6YtoMN5ATHMVUEWWN9eNZdJBTHRGw1z\nBAFg6w==\n-----END AGE ENCRYPTED FILE-----\n",
				"recipient": "ssh-ed25519 AAAAC3NzaC1lZDI1NTE5AAAAILifCzfxfLcXykfDfOfeJsmYBbND6Ra3DJpJUeTNorF2"
			},
			{
				"enc": "-----BEGIN AGE ENCRYPTED FILE-----\nYWdlLWVuY3J5cHRpb24ub3JnL3YxCi0+IHNzaC1lZDI1NTE5IHRlOXUzUSBMSkwv\nMWFUWVgwMmxWN0RGQXRPODNrUzJ0VTVJQWluRVJqVVlGZWlQbGw0ClJoWWFvZjR5\nVWFybjRZeUo3dFJpR1hDeWpJTm9kUU1aUjBtcjhqZURKbDgKLS0tIEpORzVZTGpZ\nWnBBb0xJZXExQUtMcHMxK2RzOGhSc1RPZUJSL3dGREI4S28K4UVjmAPwaiUYO5Tm\n+dnz3SWALslbgM2l4vG31+P3BEqb08HSkBA4EoJL5TUoaZtJJHmHmZKfY/rcM+G4\nnXryYQ==\n-----END AGE ENCRYPTED FILE-----\n",
				"recipient": "ssh-ed25519 AAAAC3NzaC1lZDI1NTE5AAAAIK2OfyiJtVg/5fn6njdF+jgIS4UaP/o4N0PJXvOFvxh+"
			},
			{
				"enc": "-----BEGIN AGE ENCRYPTED FILE-----\nYWdlLWVuY3J5cHRpb24ub3JnL3YxCi0+IHNzaC1lZDI1NTE5IDE3K3VWUSBobVVK\nS3laWHRzS1hvRWFJeTIvWE1ORGNHK0tTTW1GWWlYR2dDQmpGMG5nCmlEd2dnR1NY\nODVaa2hsUzFFcWdYK3AwSTdRSFJQemJvQW5uRW9nWGU5TWcKLS0tIFFuQzhSR3ht\nUUxtVjBxU2VBNXpHSVQ5VGdzaTZPZUVxMlhONEt3MkhHekkKxbrm2Lv6WV9tuEoF\nVsHFL+ufkCx3+5w6Y3LOWJifvbZDPlAgbhyWui/hAvrZwu83L5AqzhHm8SiNyT0Q\n9sbNdw==\n-----END AGE ENCRYPTED FILE-----\n",
				"recipient": "ssh-ed25519 AAAAC3NzaC1lZDI1NTE5AAAAIE+bl01iRKRVYvOtFYSQWqKtqo2N2TG9H5+nGSxJSxE0"
			},
			{
				"enc": "-----BEGIN AGE ENCRYPTED FILE-----\nYWdlLWVuY3J5cHRpb24ub3JnL3YxCi0+IHNzaC1lZDI1NTE5IFhaRzBpUSBiYkwx\ndUZYYlMvL3k0YTAvL0tHRDlHWFg0WXo2TGljWGJkRkRnbGl5cVdzCkxZTDZGODE2\nSmVXWFh2MEtOeHp5RTZvTm5CUytJQzRXM1ZqekU3WmU2eUkKLS0tIEhac3RNSkNV\nZjZrLzlBdWxwY2gwNEI2YmRtVmNjemlsK3VrVEhSME9mYWsK0GjJiBNsWyb8/3U5\nVdWV7cOEBF9exRUhMFNc1zp+dwSmtb35Ail75xzLR6GKX0H/gQDhr2tbJNyw8SoJ\ntZtMzA==\n-----END AGE ENCRYPTED FILE-----\n",
				"recipient": "ssh-ed25519 AAAAC3NzaC1lZDI1NTE5AAAAIJQpQsoOwzcytS+AjXSB7bZbHjI90oX2uf80xNDBjXaL"
			},
			{
				"enc": "-----BEGIN AGE ENCRYPTED FILE-----\nYWdlLWVuY3J5cHRpb24ub3JnL3YxCi0+IHNzaC1lZDI1NTE5IFZiV1kyUSB1WmZw\nRWlpMGVuRy91SDYvdEFaM0g3b2xMclNjMThFWm5HK0hpeDUvakI4CldsWXdzRzE3\nQStFaUh1ZkJhN29kY0Y3NVloc05YRUFubDEwOXE3RGpzWncKLS0tIGdvZk9ISzBx\nNW05c1VJb3Q5anVnWUhia05Sc0xVZ2dTQWtjMitub3dJK00KPvC5d7l0ppYH0Ct3\ndke+wZD13e52NpjnY2QHWEDWESNAsVAguKO9wxTkTmkbCsNb2/XOfATh+AiUtBOo\nRveCAA==\n-----END AGE ENCRYPTED FILE-----\n",
				"recipient": "ssh-ed25519 AAAAC3NzaC1lZDI1NTE5AAAAIC/+Ziaqy11tLwos1sVvaBo+kKI14Y/zRtMTUK85rSL8"
			},
			{
				"enc": "-----BEGIN AGE ENCRYPTED FILE-----\nYWdlLWVuY3J5cHRpb24ub3JnL3YxCi0+IHNzaC1lZDI1NTE5IGNYblpxUSA0MUNs\nWUlXWi91eDhNSnVpVzlaV2RBTU4wd2w3YWtGV2JCckdUZmNCVkR3Cm5IalZYUDFy\nQnVaU2Q2U0VLUlVWdWJ3cFVtVzdVaTErNzUvTlNMNFBCZDgKLS0tIGhCUTFncElu\nN0lobjdRblBzcEhrWUx3QWtrY2dEQW5xYThpbkN0TmI5VE0K6EmDzSdAy6A6tVww\nvF1SJfNeJFPC1I1K/6a2uww1kpBDM/zQfqOda3HsrMeYcAn9uikaDN6CzOLMiens\nPm+oog==\n-----END AGE ENCRYPTED FILE-----\n",
				"recipient": "ssh-ed25519 AAAAC3NzaC1lZDI1NTE5AAAAINUhwKeMY/N/+vFiMr/jjz1GWUZ14XgTfctDphaUIJh5"
			},
			{
				"enc": "-----BEGIN AGE ENCRYPTED FILE-----\nYWdlLWVuY3J5cHRpb24ub3JnL3YxCi0+IHNzaC1lZDI1NTE5IGV2UWh0QSB6c3NL\nclIvVXNyelByYzFFc3VjTytUMzNZWXZkRFVmWnRuL2JTMExPd1dNCk13eGd0NkdJ\nd0k3L2pieHFhSzNpMzVsWkwrVEd6bVVOQkNhT3NQd3NmTXMKLS0tIDltOTJ4aEs2\nL1FiZ3RrSEo4TDR1V2JDMTBTbVdYdjVuMFhCYWUybXVWM28KnlMGFAbvx+wmSez3\nJzWBHnx7Ghl7lRi93Cvi6OtNCzEUHFE2dEO33j2d30HQthRBSWZsfV0AE+8ICOpq\nhsjwsA==\n-----END AGE ENCRYPTED FILE-----\n",
				"recipient": "ssh-ed25519 AAAAC3NzaC1lZDI1NTE5AAAAIJe3wmGlGSjzUhnmCGKKrHStmXGyZKQwCGROEfPBdTIP"
			},
			{
				"enc": "-----BEGIN AGE ENCRYPTED FILE-----\nYWdlLWVuY3J5cHRpb24ub3JnL3YxCi0+IHNzaC1lZDI1NTE5IFo2SHh0dyBoRk0r\nS213UzkvSFdtTmgyRlZvSXNmOWJhN2VSVFhhbjdGZVRFbWlKVmdJCjhTTjNCVFdC\nRDVObklxeUgwbDJhNlpSd0Q1STBrZ3NNdFltSFRBV2Vnb2sKLS0tIE5rcEF6QmF3\ndW8xdnZyV0wrd0xWdG9VVWxlK3lSVFpsS1ZCSHNSTGVvbGsKdlAvTB2dY25seNcx\nsSou0aQqQ5ZkIuqEiXuQHfIitQqYzu9dY3SF6IbKEmkH6rQOCdVJ57EIfs+Sz0PX\nLbGBuA==\n-----END AGE ENCRYPTED FILE-----\n",
				"recipient": "ssh-ed25519 AAAAC3NzaC1lZDI1NTE5AAAAILGayLhDYjABZUNZKUfOMZeo4zka57Sl12wUHdt0zr7p"
			}
		],
		"lastmodified": "2026-07-24T22:26:35Z",
		"mac": "ENC[AES256_GCM,data:hf462rsyJKpJcOETa7dqXpYD0in9n+EmiM4s0+7OcgyXazCuJbhScPx7wwQFNILBk50v08WQtpxPjUFtfTT6uTtDEwBsTRIiwyHPoNQck1Ip1WPtG4JRfwaLEY/hik39MImN3vIVgt3E143EA2YV97AzQDbd5mGAOgeo2ID08NY=,iv:rgknjQ3QILh1zqKWQflagmzJvOwvVxVGmbWk9C6/8z0=,tag:+1k6r1IVexQHLiqFFQg3qA==,type:str]",
		"version": "3.13.1"
	}
}
