U2FsdGVkX1+6DBJCLokkVPzBU5XpoKFYdkk0a5UoMbSg79sy6pcwj3qgTQQlfIgH
Mi4LB4hXk7+TDIREZt+Ib+pa0y3xhI6ZndD+IIsNiJqK1zQvSQuwYC0Nb5ySFoRI
IKGGXEZbAziakvumLKc/ThuphGSQMfSjGMNVN5XAE2L9XYodCB13dQRlO1fmqnfi
wVIqf7q6//cRyn2++U0ACu/EWZh1tZU0r4Z8l9mItgNmA7nmc7lMX2Cu5ei+z7uw
Ao2JDAHsWlHh+IzF4PznBmwcvfABUtGiLponpNLTzEwUztxScUl516/813MW6WZX
tOqHS6n3zT05MRKKS4W4NCfaf8f1ar8RKZUISvFHsCfrFfHmjmXB7LRjPXD4VaTF
/dZkh6b2GqE6WPBp4x3lv9xaDPIAWhaiN2FYcvUxi+CcXU2lK+a6dcvZvc+IvGx8
adr6km3FwTgm5msPkaeichz4Odns2UVLmqrtLhSDDmYHi9j7PiZxZ9/gdV50vCmT
gv7T47TN9xHB1U2bmRJSIGX4Xu/Mdavg4OILiRw2i7AXUi0R6lr303+7nmuU3Psf
hhFG0O2r2/dXBdA1lgN4rmjSKkaBFWtWX6LhB1iYZrGEZonWSvX7j67gR/X0kOm9
LnkHn5Yenp/vdlPaS1ivulWJR2hXthBVb8Xhi/0Y89nkPup4yfFuHEj9Wv4ccrvF
VS9B8vIqtpuwo33vsgaU2lFp5+eK1sJ4q8KKY9RL2svuSG4X35wRHAK6DF/bu0/6
jpfLasyz3670ad/Rl8czIzSJpd0JgR/uOShdQRfaNkV3NzbgIgBDmwPjOEwhVkja
C4ZFJeOOaSE7OSB+t/S3v8FU/vh7VHUWQiAlUDUpYAw96FBPX0auZQiGN4G4eZF4
AzwWJ/6jkBaC3rWOb3chUcSOge+8idlHndo6e39q0FQ0Q9vz5NanW1tzaQCEphvm
w9uMWD8xsBGbOYCAJMOj9Dorjeq9vnhffliURgSo5bAgmgy5vd679Z5zkisgL3pV
DWXPh2znkUrO5jzgJ52nDeZ3ZdJGeHEAK4WsNelIQixzrCEqzAUS0hupL2D3qNT9
TvEBCFEGMdjWMz3hk5kH380s3+PzWVc/JTmnodZ+RlrfMvs+wY2L1yxmW87VaZfr
BnYaeXiP4GYMm2d235cUbVyaFjmp41sqEYxnG7dHHqGmwNEsjam8P6NqeqQnNm1c
ULLmzAteEw7kN0Xt0mb6Ea+6YGFvv4dY6cGfpRZV6ckmQ03ru0CE8wQJ3BBx5PEH
A6ejzlnEFoFcBq7Pl37eSbvyKfuc+W03ff5WgtEA7Fl68VAtm1UW1XHEMHbMsuBO
h5wfTpso1hRqUaBkOC9l9M6bfMrYuqJUhWtT44Cg03872hZzEAMyjv6YHVmBA3r/
fd+s+4S7Z8WFo2M7ljrCpnisrTSNgjPp/cK9mL8csGIlG3nzvEqv78YHTpqDkY3Y
SCZuep1L8PDHj+vL5OV3m6MNEQlxxswMnY+rQQDq/hNXllRNPHK2W7fqp/rz/TSj
DUWoopWfrYFJVjyGC4jzYnSJvw0/CylsZ3lTuxisnRk4H8s85HpXuwiHlUoab+oJ
Z0rK8Io7TaopBijI4dkQQfJS8pBbhyRdue5pFTlxOoRwCXf9nA+Jkgg/Id6uqJZe
gaJswq2tFTJ9kvAz7w7UKQWshZWpnGD2uBwKlVuljaBuGaiDkMdwhAfIv6b/5baM
uLa4nOWiQRORrwrjLDj9yMkwm2HYzNWlEo7o9iKByAfd2IH8FNf0XluhdXzq9+3T
/3EgCg81zpfEeF4AscwG8Sua8/3tL5H28slTB6/HfK1IXkfFAq4OeQttXpBOPg7R
ee34H1dx0bwRqHy8YAednsNC+qZ2z+yAaFeVXPGwIQxOIwxQF/3QVVYgy8qztOys
hu+yM6SZhzb67TVbEAA8hLq8zYe1Q5IdN3oy5ylInTJLel+6tqHGDiAregnKAwgv
Zjj9J1XfVj9PjnEl72UKVW4NyAltENLZnm1NYzkEAfg36c8iIcNLzYaHT6Y8nDk0
Af6rlLr9B516Ea+31dwycULn4CqpI9bpLLcGh9FD5c49VSSsB72wVNGLgxNjWn1+
HY2JLP6wHS5DmlnA0xKtoQDq+rXiSQ/VDTnqqwHyrID1et0XhYuUvUHM+qiSiPMq
2+rwfHMMzLT3doG6i2ezVOjjWoSAETRyTwQenBpnAQyKMi49MWCqkaxaJEJXVzp7
lVNAyRYXfJWK77r/l1FpXaCN0qc/8LCGnP713ooAO15Viw3uUN2an465ZjZ4taLm
BbUEUi4u9sk2DtAbwIDAtMQ+my1CBoBaAXCTrZ+izviBgX5ad9DAfehRt8lOviEZ
KRQ0Yd0clLpIY0itgKuTrPLB1ZxVkff+i3BKrDvkm9aSkMyEzYias+jrCVFc8kel
2y0gJKCqouN05FeHUNMIo6W3muTBP34wO/rJUZhxvuASQowWKsHX6cJ+xNN3Zyjc
IGEZUO0r4DL9ZUC22ztTOwZqrNO7+XMQlUlM8h2jfB5UQpeL3wTz7FyIn7703lkb
6OE3vMvIifRd48OXYwKGn0g3AoDBILG6BYZiXh2VZkY8L4pbaBXkCGFhnhX58bWV
JI3wLkvUdbLQFezzFvQxSomwMwYc3zn6vFJQUKOFgbRLBWBveoh5oSZ7H0JZFCQi
/dKAcoCldsp2v/JqdHe6zHYnM6JnJQ1Bp81XBA5EXmfVQtYgs3BGhSrjSo46njlO
Z+efbbViqeRkUWjbtQ5Xu3hBMt4a7jzwVH7BviUE0pVi/La6CcsIlLOQQykm7Co+
u0x5UUdC7M0Z3dq/d99XJt/SgFSH6nFlJAdo+lONJg2M+E6wFOOqWGa4KYxhwNhk
Wj/+CBM6USvre25/0wzkW/RDfAdfUN2oNguZIiMJgA/CnOSuIjB4P8NWji6fvJAh
Vnyu8aAGPIyG9N4CCrKv/LZ3sUTKaUlnJzqWSPV27kEc3wGkNBpcdTep/TZQDBPl
jaaYPt+TlG8j8Ob1IEj379J7oxQMjtGNBlMhJ+un7Hy0mS6R//V4YkBgZA0cvgOz
3gLEk/Jh5gFOjQsQHrpXpNxny2AGf6gNkoQ75PO5aOTHO5lcGF+9qlHDpQriqSIu
toFMd0/br7VJlW2YTucskZ/IF97S//bFUb/Zq+pOUeFXnhkqmzIzDxlcqTHDCPPi
czV9EI7h29rEP3+PXuJHOnMbDRzRH35O9NL4bIlL4HIv/nLk0t456/9HiwZgF3KR
i5oqZIGVjK9TxRtM0RcVO3aZyDnWcj4Mr//S608p9WNaUsQM1sK5A3IdrObZjOoo
yaDKuzQLJXOu35wm7GeaozMFxhADT7apZSSl2r/n/omAALMf35D5cQVrpHJjnAW9
ZMSMJDGaDriqcxuSGZmaOGM3HkpwS4CkIN905vapwBb9G6G9aRyJM+6HVQYad0II
62LkQ4W8jkVD3iCu5BRxOJJjmIuvJYUoLh2Lg7Qg9fYkpoLKsyYQtj8AMWqEmr1z
lG/f9YPx2hqrC/MqNylXtDhRxS2YySpyFUmSVyYCTbeLX0XDPJDyeY7OoBCL5FjN
xRcuLIFGxj4mixfEiDM5cgk42/z6Qo/tx7x+uvfdVE47UpWGc42KEqQ6cnUCRhG1
TAgs5paKEW87dj7H7EdAMMkJqX9XCcsr7ixWOcYBhjUHE2mTIamesNCsL+RJxiCu
UBg5H8M/VHBhoksUdFbpsf5EvoaSZ2o6HOpuM8pTZnFgfVkqjjfrLj2tAJg6pZgi
e3EEeP7osjP76uKxfU7JMYrIqCuXXKajouGlY5TlIMZOnN+M5nTAuPMxwwJeMJmX
Ij+apjPQ1RpM0fH9aNqaKlIouhdg10v+KmkAXUMnBM4Fo+Yjvvy4gwY2mlm1Jn5s
fUyOmOGZza5DqyQn0gbHbtf6+Eb7VDexKYtftr77p6s+f2UyybU+xFbfC0vCIQSn
xUW8JncuDzUIv9OYOw6UyW16KeklCwOpFbkwiraaC+sLTab9jdtVL3xanIL/xw0g
kpfVaKKk77VhheBkKW125lw7YAUqq/yrrytuVN+Zl5RQKDzQ66b6GpBXqwRC5VpQ
bqQZkftGNqmRfLnKH8Ufyf0pJsdivq9rGnI2FF5BtGLxkwKGcH4WmnSerHG1h7lS
fOc/YYV0XdbtIzkAL8sYzecfAu5m2IaqSLvvnCAhhdId3PEHTfysr7OmzmeUG1RR
tH1JHyawMhpaBBEciHjmjZWGO3uYkEJ0EqIR4OVo4FFWeU7rmedzoCdhVrA31eTm
q8/lzzpOfh/iDC3kooFUc3t9Dn5yk30R2Xqq8ScOLkxwn5lrLexwBXpG+XGpJJLL
jduqV0oi51+12VF6y5AlH21ORZH2rjAUe8fB7CmTycEzoQTBSLwNQRN0TiaV7IzT
5S0rPCYByY7ilkn4+PQy1F3s/qekflsB5Z4/aHMxwWrvtEoU38MDp0h6a7uBaHGx
cZd+Onr3+oNcp68ncXdyKHvksVOKefDkDMyUhoNXh4cG5Mp7WdYoSezW2lDVhrvr
LcBmkkazu4LAW1qhRqLUNxaoQf75/lYEnGo4eMf18foLqUY9qgNvkTWbEv8peBR0
XqNz3SmWrYwrm9b1eKJ8RoQ3Na8CSjgV7w5Qlap/YyKKwREmbnplrq9h2dRHC0HP
ffYFE4oVyztDkRBRV0/DG47NZ1SaFIa9Awhlh/IA4k4nbpKmmZ8oWBQi5WiOeM9g
3GVtixiHraE254YwgSnMk+H4oFJdm5F7iPZSF7vfIpHh44D+QQTxqUVzJLWGjR8m
A3c2ZVM7TE5gfXuO9vD1yzyow0dE796S6NGYI9WyBRz3Yz/H/DVyBN7PVgOHqOll
TYpi+IL70hPgePOaotNcziH0gogg6x8ItWeO24CJKQKX7eR3YAP5p4a03ARBZDpN
oIRfxn+E/BgXNFRZlVH270mlZRAAiNlx6vdHjkEhpJ/9jRH9MOuukQo7aNGrOuvD
355ThqzN+yfrTiFxwQx73LLDkzMJ24M9MaGODBo5t8pxP9WC9/GMMqDQgFl8vWaD
VM3bXwmOBlJHD8xPleHKffAAeoRI1p3ntoTzDI2hsOmowHqVRJq/q69l8DSXd6vI
hBjHwfheWQGIwFAzFirarYAwJ7iDHiCxxaLdfxNj9LGTrwX73sr9BjQtE4GpxQGW
ZJ4hqUycatnXbyUUEIr+vjahozrLYaK4Nvz+sceF4LYUg7uYaJi884C7NpfCSCUm
EfbO1nbNFLR/1tohi6hqLWxF1YjwBheT7WwoY1pFvvTt4snYXa/4rmfxVqwBfGuk
NBwvc3PPfBNniYrxlpxT7PVKzRyTDpXhtt+fQqxH2I1QNSCgDVT7ZUv4sFiG0TrE
nWmFcqiLYCkRbQx7IVlHY9lhudvy8dGeqAlJb0j+bEQlWpaMHYJutmLVMRciIxSc
JIPvtQgPVaiwaB0VedtZWDjRU6aJKiTUi1YaD87zASL827ob2MTLzK8M66Oe1wY7
wX9xxshsX/rJFg9/LewttigtVI6V+8qFNZFFjjTWnNiZZcAO0ksSbQgvSCkv1SwF
Gv40nyuTmu3o99MxOmJKQ6gQtWFBEi6kO/8A7gvJbL6552h/rcDTZKr/PfISkF0Q
bms3/5X7Szb8vHwMUtnGBLK76eGW/03jzwZedMR46CR9exwuaH5H6Ax+XJY6UUGH
sr8eb5qEC7iU0uDe1UcvPpczAhKkfzWxLELU9kLKDN6njjzWPZgLw9DdhRn0HKtd
s9gbTpmLnfojZ3R/n+aLxOjJGM+7R9cqG1yBaAfy49UjnTqpdPbntO8Hr21xNFsn
PUrbTHciV+mK7Uu0v8w5RhJLqmOoojo0Fg83IzSBvBVRiDqN3FQ2ZAtADvqHlNuH
